
Microsoft Visual Studio Solution File, Format Version 12.00
# Visual Studio Version 17
VisualStudioVersion = 17.4.33110.190
MinimumVisualStudioVersion = 10.0.40219.1
Project("{FAE04EC0-301F-11D3-BF4B-00C04F79EFBC}") = "JwtAuth", "JwtAuth\JwtAuth.csproj", "{81E850F2-9953-44C3-86ED-6F48AFDDEC88}"
EndProject
Global
	GlobalSection(SolutionConfigurationPlatforms) = preSolution
		Debug|Any CPU = Debug|Any CPU
		Release|Any CPU = Release|Any CPU
	EndGlobalSection
	GlobalSection(ProjectConfigurationPlatforms) = postSolution
		{81E850F2-9953-44C3-86ED-6F48AFDDEC88}.Debug|Any CPU.ActiveCfg = Debug|Any CPU
		{81E850F2-9953-44C3-86ED-6F48AFDDEC88}.Debug|Any CPU.Build.0 = Debug|Any CPU
		{81E850F2-9953-44C3-86ED-6F48AFDDEC88}.Release|Any CPU.ActiveCfg = Release|Any CPU
		{81E850F2-9953-44C3-86ED-6F48AFDDEC88}.Release|Any CPU.Build.0 = Release|Any CPU
	EndGlobalSection
	GlobalSection(SolutionProperties) = preSolution
		HideSolutionNode = FALSE
	EndGlobalSection
	GlobalSection(ExtensibilityGlobals) = postSolution
		SolutionGuid = {21676B69-D3E8-452E-AC6B-9E4EA97E80D9}
	EndGlobalSection
EndGlobal
